
Microsoft Visual Studio Solution File, Format Version 12.00
# Visual Studio Version 16
VisualStudioVersion = 16.0.29503.13
MinimumVisualStudioVersion = 10.0.40219.1
Project("{8BC9CEB8-8B4A-11D0-8D11-00A0C91BC942}") = "P13_practice_修仙游戏", "P13_practice_修仙游戏.vcxproj", "{9F34073E-F3B7-4164-93AD-9D98EC8803AE}"
EndProject
Global
	GlobalSection(SolutionConfigurationPlatforms) = preSolution
		Debug|x64 = Debug|x64
		Debug|x86 = Debug|x86
		Release|x64 = Release|x64
		Release|x86 = Release|x86
	EndGlobalSection
	GlobalSection(ProjectConfigurationPlatforms) = postSolution
		{9F34073E-F3B7-4164-93AD-9D98EC8803AE}.Debug|x64.ActiveCfg = Debug|x64
		{9F34073E-F3B7-4164-93AD-9D98EC8803AE}.Debug|x64.Build.0 = Debug|x64
		{9F34073E-F3B7-4164-93AD-9D98EC8803AE}.Debug|x86.ActiveCfg = Debug|Win32
		{9F34073E-F3B7-4164-93AD-9D98EC8803AE}.Debug|x86.Build.0 = Debug|Win32
		{9F34073E-F3B7-4164-93AD-9D98EC8803AE}.Release|x64.ActiveCfg = Release|x64
		{9F34073E-F3B7-4164-93AD-9D98EC8803AE}.Release|x64.Build.0 = Release|x64
		{9F34073E-F3B7-4164-93AD-9D98EC8803AE}.Release|x86.ActiveCfg = Release|Win32
		{9F34073E-F3B7-4164-93AD-9D98EC8803AE}.Release|x86.Build.0 = Release|Win32
	EndGlobalSection
	GlobalSection(SolutionProperties) = preSolution
		HideSolutionNode = FALSE
	EndGlobalSection
	GlobalSection(ExtensibilityGlobals) = postSolution
		SolutionGuid = {881E869E-E1E8-4EF4-8ED3-F8BCDF961784}
	EndGlobalSection
EndGlobal
