
Microsoft Visual Studio Solution File, Format Version 12.00
# Visual Studio Version 16
VisualStudioVersion = 16.0.29503.13
MinimumVisualStudioVersion = 10.0.40219.1
Project("{8BC9CEB8-8B4A-11D0-8D11-00A0C91BC942}") = "堆排序", "堆排序.vcxproj", "{6F0BE304-E4BA-43FE-9C36-CC2C590E6D2F}"
EndProject
Global
	GlobalSection(SolutionConfigurationPlatforms) = preSolution
		Debug|x64 = Debug|x64
		Debug|x86 = Debug|x86
		Release|x64 = Release|x64
		Release|x86 = Release|x86
	EndGlobalSection
	GlobalSection(ProjectConfigurationPlatforms) = postSolution
		{6F0BE304-E4BA-43FE-9C36-CC2C590E6D2F}.Debug|x64.ActiveCfg = Debug|x64
		{6F0BE304-E4BA-43FE-9C36-CC2C590E6D2F}.Debug|x64.Build.0 = Debug|x64
		{6F0BE304-E4BA-43FE-9C36-CC2C590E6D2F}.Debug|x86.ActiveCfg = Debug|Win32
		{6F0BE304-E4BA-43FE-9C36-CC2C590E6D2F}.Debug|x86.Build.0 = Debug|Win32
		{6F0BE304-E4BA-43FE-9C36-CC2C590E6D2F}.Release|x64.ActiveCfg = Release|x64
		{6F0BE304-E4BA-43FE-9C36-CC2C590E6D2F}.Release|x64.Build.0 = Release|x64
		{6F0BE304-E4BA-43FE-9C36-CC2C590E6D2F}.Release|x86.ActiveCfg = Release|Win32
		{6F0BE304-E4BA-43FE-9C36-CC2C590E6D2F}.Release|x86.Build.0 = Release|Win32
	EndGlobalSection
	GlobalSection(SolutionProperties) = preSolution
		HideSolutionNode = FALSE
	EndGlobalSection
	GlobalSection(ExtensibilityGlobals) = postSolution
		SolutionGuid = {9D2F86E4-81E4-4DC7-A5C8-829A7C481830}
	EndGlobalSection
EndGlobal
