
Microsoft Visual Studio Solution File, Format Version 11.00
# Visual C++ Express 2010
Project("{8BC9CEB8-8B4A-11D0-8D11-00A0C91BC942}") = "清空输入缓冲区", "清空输入缓冲区.vcxproj", "{17617B2E-9361-4CEB-9B5D-01E51F38D569}"
EndProject
Global
	GlobalSection(SolutionConfigurationPlatforms) = preSolution
		Debug|Win32 = Debug|Win32
		Release|Win32 = Release|Win32
	EndGlobalSection
	GlobalSection(ProjectConfigurationPlatforms) = postSolution
		{17617B2E-9361-4CEB-9B5D-01E51F38D569}.Debug|Win32.ActiveCfg = Debug|Win32
		{17617B2E-9361-4CEB-9B5D-01E51F38D569}.Debug|Win32.Build.0 = Debug|Win32
		{17617B2E-9361-4CEB-9B5D-01E51F38D569}.Release|Win32.ActiveCfg = Release|Win32
		{17617B2E-9361-4CEB-9B5D-01E51F38D569}.Release|Win32.Build.0 = Release|Win32
	EndGlobalSection
	GlobalSection(SolutionProperties) = preSolution
		HideSolutionNode = FALSE
	EndGlobalSection
EndGlobal
