
Microsoft Visual Studio Solution File, Format Version 12.00
# Visual Studio Version 16
VisualStudioVersion = 16.0.29503.13
MinimumVisualStudioVersion = 10.0.40219.1
Project("{8BC9CEB8-8B4A-11D0-8D11-00A0C91BC942}") = "顺序表", "顺序表.vcxproj", "{E2391BD2-BAD5-4BC3-9569-0F137C2D4016}"
EndProject
Global
	GlobalSection(SolutionConfigurationPlatforms) = preSolution
		Debug|x64 = Debug|x64
		Debug|x86 = Debug|x86
		Release|x64 = Release|x64
		Release|x86 = Release|x86
	EndGlobalSection
	GlobalSection(ProjectConfigurationPlatforms) = postSolution
		{E2391BD2-BAD5-4BC3-9569-0F137C2D4016}.Debug|x64.ActiveCfg = Debug|x64
		{E2391BD2-BAD5-4BC3-9569-0F137C2D4016}.Debug|x64.Build.0 = Debug|x64
		{E2391BD2-BAD5-4BC3-9569-0F137C2D4016}.Debug|x86.ActiveCfg = Debug|Win32
		{E2391BD2-BAD5-4BC3-9569-0F137C2D4016}.Debug|x86.Build.0 = Debug|Win32
		{E2391BD2-BAD5-4BC3-9569-0F137C2D4016}.Release|x64.ActiveCfg = Release|x64
		{E2391BD2-BAD5-4BC3-9569-0F137C2D4016}.Release|x64.Build.0 = Release|x64
		{E2391BD2-BAD5-4BC3-9569-0F137C2D4016}.Release|x86.ActiveCfg = Release|Win32
		{E2391BD2-BAD5-4BC3-9569-0F137C2D4016}.Release|x86.Build.0 = Release|Win32
	EndGlobalSection
	GlobalSection(SolutionProperties) = preSolution
		HideSolutionNode = FALSE
	EndGlobalSection
	GlobalSection(ExtensibilityGlobals) = postSolution
		SolutionGuid = {3E76CA19-CBAE-4C93-9A50-71FC0363D45E}
	EndGlobalSection
EndGlobal
